
Microsoft Visual Studio Solution File, Format Version 12.00
# Visual Studio Version 16
VisualStudioVersion = 16.0.32929.386
MinimumVisualStudioVersion = 10.0.40219.1
Project("{FAE04EC0-301F-11D3-BF4B-00C04F79EFBC}") = "DockerApp", "DockerApp\DockerApp.csproj", "{B158AD08-060B-4513-A5C0-0D68189ECC80}"
EndProject
Global
	GlobalSection(SolutionConfigurationPlatforms) = preSolution
		Debug|Any CPU = Debug|Any CPU
		Release|Any CPU = Release|Any CPU
	EndGlobalSection
	GlobalSection(ProjectConfigurationPlatforms) = postSolution
		{B158AD08-060B-4513-A5C0-0D68189ECC80}.Debug|Any CPU.ActiveCfg = Debug|Any CPU
		{B158AD08-060B-4513-A5C0-0D68189ECC80}.Debug|Any CPU.Build.0 = Debug|Any CPU
		{B158AD08-060B-4513-A5C0-0D68189ECC80}.Release|Any CPU.ActiveCfg = Release|Any CPU
		{B158AD08-060B-4513-A5C0-0D68189ECC80}.Release|Any CPU.Build.0 = Release|Any CPU
	EndGlobalSection
	GlobalSection(SolutionProperties) = preSolution
		HideSolutionNode = FALSE
	EndGlobalSection
	GlobalSection(ExtensibilityGlobals) = postSolution
		SolutionGuid = {34B89B01-CA9C-408E-AD11-700B6EC8DFAE}
	EndGlobalSection
EndGlobal
