
Microsoft Visual Studio Solution File, Format Version 12.00
# Visual Studio Version 16
VisualStudioVersion = 16.0.32929.386
MinimumVisualStudioVersion = 10.0.40219.1
Project("{FAE04EC0-301F-11D3-BF4B-00C04F79EFBC}") = "WebAppConfigSample", "WebAppConfigSample\WebAppConfigSample.csproj", "{A8C68D86-9657-4932-95C7-9C5940DE2D05}"
EndProject
Global
	GlobalSection(SolutionConfigurationPlatforms) = preSolution
		Debug|Any CPU = Debug|Any CPU
		Release|Any CPU = Release|Any CPU
	EndGlobalSection
	GlobalSection(ProjectConfigurationPlatforms) = postSolution
		{A8C68D86-9657-4932-95C7-9C5940DE2D05}.Debug|Any CPU.ActiveCfg = Debug|Any CPU
		{A8C68D86-9657-4932-95C7-9C5940DE2D05}.Debug|Any CPU.Build.0 = Debug|Any CPU
		{A8C68D86-9657-4932-95C7-9C5940DE2D05}.Release|Any CPU.ActiveCfg = Release|Any CPU
		{A8C68D86-9657-4932-95C7-9C5940DE2D05}.Release|Any CPU.Build.0 = Release|Any CPU
	EndGlobalSection
	GlobalSection(SolutionProperties) = preSolution
		HideSolutionNode = FALSE
	EndGlobalSection
	GlobalSection(ExtensibilityGlobals) = postSolution
		SolutionGuid = {4D022CBC-E3B5-48BD-9D33-E5676A626195}
	EndGlobalSection
EndGlobal
