
Microsoft Visual Studio Solution File, Format Version 12.00
# Visual Studio Version 16
VisualStudioVersion = 16.0.32929.386
MinimumVisualStudioVersion = 10.0.40219.1
Project("{FAE04EC0-301F-11D3-BF4B-00C04F79EFBC}") = "CosmosDBApp", "CosmosDBApp\CosmosDBApp.csproj", "{FB67AB14-E4DA-4EF8-8F66-B690401266E4}"
EndProject
Global
	GlobalSection(SolutionConfigurationPlatforms) = preSolution
		Debug|Any CPU = Debug|Any CPU
		Release|Any CPU = Release|Any CPU
	EndGlobalSection
	GlobalSection(ProjectConfigurationPlatforms) = postSolution
		{FB67AB14-E4DA-4EF8-8F66-B690401266E4}.Debug|Any CPU.ActiveCfg = Debug|Any CPU
		{FB67AB14-E4DA-4EF8-8F66-B690401266E4}.Debug|Any CPU.Build.0 = Debug|Any CPU
		{FB67AB14-E4DA-4EF8-8F66-B690401266E4}.Release|Any CPU.ActiveCfg = Release|Any CPU
		{FB67AB14-E4DA-4EF8-8F66-B690401266E4}.Release|Any CPU.Build.0 = Release|Any CPU
	EndGlobalSection
	GlobalSection(SolutionProperties) = preSolution
		HideSolutionNode = FALSE
	EndGlobalSection
	GlobalSection(ExtensibilityGlobals) = postSolution
		SolutionGuid = {C66852A4-687A-4BC6-A8FF-3628ED3A53C0}
	EndGlobalSection
EndGlobal
