
Microsoft Visual Studio Solution File, Format Version 12.00
# Visual Studio Version 16
VisualStudioVersion = 16.0.34301.259
MinimumVisualStudioVersion = 10.0.40219.1
Project("{FAE04EC0-301F-11D3-BF4B-00C04F79EFBC}") = "MVCWebAppCodeFirst", "MVCWebAppCodeFirst\MVCWebAppCodeFirst.csproj", "{C6D45BFE-0F11-4AE8-BBCF-80836F61614C}"
EndProject
Global
	GlobalSection(SolutionConfigurationPlatforms) = preSolution
		Debug|Any CPU = Debug|Any CPU
		Release|Any CPU = Release|Any CPU
	EndGlobalSection
	GlobalSection(ProjectConfigurationPlatforms) = postSolution
		{C6D45BFE-0F11-4AE8-BBCF-80836F61614C}.Debug|Any CPU.ActiveCfg = Debug|Any CPU
		{C6D45BFE-0F11-4AE8-BBCF-80836F61614C}.Debug|Any CPU.Build.0 = Debug|Any CPU
		{C6D45BFE-0F11-4AE8-BBCF-80836F61614C}.Release|Any CPU.ActiveCfg = Release|Any CPU
		{C6D45BFE-0F11-4AE8-BBCF-80836F61614C}.Release|Any CPU.Build.0 = Release|Any CPU
	EndGlobalSection
	GlobalSection(SolutionProperties) = preSolution
		HideSolutionNode = FALSE
	EndGlobalSection
	GlobalSection(ExtensibilityGlobals) = postSolution
		SolutionGuid = {BED3CA33-7A39-436E-998F-4D8D304CDA12}
	EndGlobalSection
EndGlobal
