
Microsoft Visual Studio Solution File, Format Version 12.00
# Visual Studio Version 16
VisualStudioVersion = 16.0.32929.386
MinimumVisualStudioVersion = 10.0.40219.1
Project("{FAE04EC0-301F-11D3-BF4B-00C04F79EFBC}") = "WebApptoconnectsql", "WebApptoconnectsql\WebApptoconnectsql.csproj", "{3F40885D-DF63-4461-B0B4-B09FAFDA4A5E}"
EndProject
Global
	GlobalSection(SolutionConfigurationPlatforms) = preSolution
		Debug|Any CPU = Debug|Any CPU
		Release|Any CPU = Release|Any CPU
	EndGlobalSection
	GlobalSection(ProjectConfigurationPlatforms) = postSolution
		{3F40885D-DF63-4461-B0B4-B09FAFDA4A5E}.Debug|Any CPU.ActiveCfg = Debug|Any CPU
		{3F40885D-DF63-4461-B0B4-B09FAFDA4A5E}.Debug|Any CPU.Build.0 = Debug|Any CPU
		{3F40885D-DF63-4461-B0B4-B09FAFDA4A5E}.Release|Any CPU.ActiveCfg = Release|Any CPU
		{3F40885D-DF63-4461-B0B4-B09FAFDA4A5E}.Release|Any CPU.Build.0 = Release|Any CPU
	EndGlobalSection
	GlobalSection(SolutionProperties) = preSolution
		HideSolutionNode = FALSE
	EndGlobalSection
	GlobalSection(ExtensibilityGlobals) = postSolution
		SolutionGuid = {493550FC-206E-4AFA-B04E-280B4F74AB85}
	EndGlobalSection
EndGlobal
